
Microsoft Visual Studio Solution File, Format Version 12.00
# Visual Studio Version 17
VisualStudioVersion = 17.9.34902.65
MinimumVisualStudioVersion = 10.0.40219.1
Project("{9A19103F-16F7-4668-BE54-9A1E7A4F7556}") = "SOTSSurvivorTweaks", "src\SOTSSurvivorTweaks.csproj", "{51982093-83E1-464E-B66A-57548FC4E02D}"
EndProject
Global
	GlobalSection(SolutionConfigurationPlatforms) = preSolution
		Debug|Any CPU = Debug|Any CPU
		Release|Any CPU = Release|Any CPU
	EndGlobalSection
	GlobalSection(ProjectConfigurationPlatforms) = postSolution
		{51982093-83E1-464E-B66A-57548FC4E02D}.Debug|Any CPU.ActiveCfg = Debug|Any CPU
		{51982093-83E1-464E-B66A-57548FC4E02D}.Debug|Any CPU.Build.0 = Debug|Any CPU
		{51982093-83E1-464E-B66A-57548FC4E02D}.Release|Any CPU.ActiveCfg = Release|Any CPU
		{51982093-83E1-464E-B66A-57548FC4E02D}.Release|Any CPU.Build.0 = Release|Any CPU
	EndGlobalSection
	GlobalSection(SolutionProperties) = preSolution
		HideSolutionNode = FALSE
	EndGlobalSection
	GlobalSection(ExtensibilityGlobals) = postSolution
		SolutionGuid = {8F2E144F-FB14-4CAD-A1B1-1A0C6946DA21}
	EndGlobalSection
EndGlobal
